
Microsoft Visual Studio Solution File, Format Version 12.00
# Visual Studio Version 17
VisualStudioVersion = 17.9.34902.65
MinimumVisualStudioVersion = 10.0.40219.1
Project("{FAE04EC0-301F-11D3-BF4B-00C04F79EFBC}") = "Examen_1_Erick_Nunez", "Examen_1_Erick_Nunez\Examen_1_Erick_Nunez.csproj", "{C475B9AB-9DCE-42AC-9C54-CF2EBCAC6419}"
EndProject
Global
	GlobalSection(SolutionConfigurationPlatforms) = preSolution
		Debug|Any CPU = Debug|Any CPU
		Release|Any CPU = Release|Any CPU
	EndGlobalSection
	GlobalSection(ProjectConfigurationPlatforms) = postSolution
		{C475B9AB-9DCE-42AC-9C54-CF2EBCAC6419}.Debug|Any CPU.ActiveCfg = Debug|Any CPU
		{C475B9AB-9DCE-42AC-9C54-CF2EBCAC6419}.Debug|Any CPU.Build.0 = Debug|Any CPU
		{C475B9AB-9DCE-42AC-9C54-CF2EBCAC6419}.Release|Any CPU.ActiveCfg = Release|Any CPU
		{C475B9AB-9DCE-42AC-9C54-CF2EBCAC6419}.Release|Any CPU.Build.0 = Release|Any CPU
	EndGlobalSection
	GlobalSection(SolutionProperties) = preSolution
		HideSolutionNode = FALSE
	EndGlobalSection
	GlobalSection(ExtensibilityGlobals) = postSolution
		SolutionGuid = {F49FDD27-66FA-4F50-AF7A-BE26913EE3C2}
	EndGlobalSection
EndGlobal
